
Microsoft Visual Studio Solution File, Format Version 12.00
# Visual Studio Version 17
VisualStudioVersion = 17.11.35219.272
MinimumVisualStudioVersion = 10.0.40219.1
Project("{9A19103F-16F7-4668-BE54-9A1E7A4F7556}") = "Frontend", "Frontend\Frontend.csproj", "{E5DAEB76-1AA1-456A-945E-A30DFD3E8397}"
EndProject
Project("{9A19103F-16F7-4668-BE54-9A1E7A4F7556}") = "ApiService", "ApiService\ApiService.csproj", "{D7A920B7-21AF-4E21-9C65-45C40383AF8F}"
EndProject
Project("{9A19103F-16F7-4668-BE54-9A1E7A4F7556}") = "Infrastructure", "Infrastructure\Infrastructure.csproj", "{8E194835-05C3-4997-8576-38773FD6DFF6}"
EndProject
Project("{9A19103F-16F7-4668-BE54-9A1E7A4F7556}") = "Test", "Test\Test.csproj", "{06E262DC-1AD5-496F-B857-D4F1B6CE1367}"
EndProject
Global
	GlobalSection(SolutionConfigurationPlatforms) = preSolution
		Debug|Any CPU = Debug|Any CPU
		Release|Any CPU = Release|Any CPU
	EndGlobalSection
	GlobalSection(ProjectConfigurationPlatforms) = postSolution
		{E5DAEB76-1AA1-456A-945E-A30DFD3E8397}.Debug|Any CPU.ActiveCfg = Debug|Any CPU
		{E5DAEB76-1AA1-456A-945E-A30DFD3E8397}.Debug|Any CPU.Build.0 = Debug|Any CPU
		{E5DAEB76-1AA1-456A-945E-A30DFD3E8397}.Release|Any CPU.ActiveCfg = Release|Any CPU
		{E5DAEB76-1AA1-456A-945E-A30DFD3E8397}.Release|Any CPU.Build.0 = Release|Any CPU
		{D7A920B7-21AF-4E21-9C65-45C40383AF8F}.Debug|Any CPU.ActiveCfg = Debug|Any CPU
		{D7A920B7-21AF-4E21-9C65-45C40383AF8F}.Debug|Any CPU.Build.0 = Debug|Any CPU
		{D7A920B7-21AF-4E21-9C65-45C40383AF8F}.Release|Any CPU.ActiveCfg = Release|Any CPU
		{D7A920B7-21AF-4E21-9C65-45C40383AF8F}.Release|Any CPU.Build.0 = Release|Any CPU
		{8E194835-05C3-4997-8576-38773FD6DFF6}.Debug|Any CPU.ActiveCfg = Debug|Any CPU
		{8E194835-05C3-4997-8576-38773FD6DFF6}.Debug|Any CPU.Build.0 = Debug|Any CPU
		{8E194835-05C3-4997-8576-38773FD6DFF6}.Release|Any CPU.ActiveCfg = Release|Any CPU
		{8E194835-05C3-4997-8576-38773FD6DFF6}.Release|Any CPU.Build.0 = Release|Any CPU
		{06E262DC-1AD5-496F-B857-D4F1B6CE1367}.Debug|Any CPU.ActiveCfg = Debug|Any CPU
		{06E262DC-1AD5-496F-B857-D4F1B6CE1367}.Debug|Any CPU.Build.0 = Debug|Any CPU
		{06E262DC-1AD5-496F-B857-D4F1B6CE1367}.Release|Any CPU.ActiveCfg = Release|Any CPU
		{06E262DC-1AD5-496F-B857-D4F1B6CE1367}.Release|Any CPU.Build.0 = Release|Any CPU
	EndGlobalSection
	GlobalSection(SolutionProperties) = preSolution
		HideSolutionNode = FALSE
	EndGlobalSection
	GlobalSection(ExtensibilityGlobals) = postSolution
		SolutionGuid = {E25CC364-2818-427E-AF6D-C304663912B9}
	EndGlobalSection
EndGlobal
